{
  "name": "enigma-memory",
  "version": "0.1.19",
  "lockfileVersion": 3,
  "requires": true,
  "packages": {
    "": {
      "name": "enigma-memory",
      "version": "0.1.19",
      "license": "Apache-2.0",
      "bin": {
        "enigma": "apps/cli/bin/enigma.mjs",
        "enigma-gateway": "apps/gateway/bin/enigma-gateway.mjs",
        "enigma-mcp": "packages/mcp-server/bin/enigma-mcp.mjs",
        "enigma-native-host": "apps/native-host/bin/enigma-native-host.mjs",
        "enigma-relay": "apps/relay/bin/enigma-relay.mjs",
        "enigma-verify": "apps/verifier/bin/enigma-verify.mjs"
      },
      "engines": {
        "node": ">=24"
      }
    }
  }
}
